
Microsoft Visual Studio Solution File, Format Version 12.00
# Visual Studio Version 16
VisualStudioVersion = 16.0.30517.126
MinimumVisualStudioVersion = 10.0.40219.1
Project("{FAE04EC0-301F-11D3-BF4B-00C04F79EFBC}") = "GasMilageApp", "GasMilageApp\GasMilageApp.csproj", "{17283712-5B0F-4406-82D0-3DC71C658F4A}"
EndProject
Global
	GlobalSection(SolutionConfigurationPlatforms) = preSolution
		Debug|Any CPU = Debug|Any CPU
		Release|Any CPU = Release|Any CPU
	EndGlobalSection
	GlobalSection(ProjectConfigurationPlatforms) = postSolution
		{17283712-5B0F-4406-82D0-3DC71C658F4A}.Debug|Any CPU.ActiveCfg = Debug|Any CPU
		{17283712-5B0F-4406-82D0-3DC71C658F4A}.Debug|Any CPU.Build.0 = Debug|Any CPU
		{17283712-5B0F-4406-82D0-3DC71C658F4A}.Release|Any CPU.ActiveCfg = Release|Any CPU
		{17283712-5B0F-4406-82D0-3DC71C658F4A}.Release|Any CPU.Build.0 = Release|Any CPU
	EndGlobalSection
	GlobalSection(SolutionProperties) = preSolution
		HideSolutionNode = FALSE
	EndGlobalSection
	GlobalSection(ExtensibilityGlobals) = postSolution
		SolutionGuid = {E3EC3A92-DDFF-4633-A1FE-39619159D9BA}
	EndGlobalSection
EndGlobal
